
Microsoft Visual Studio Solution File, Format Version 12.00
# Visual Studio Version 17
VisualStudioVersion = 17.0.31611.283
MinimumVisualStudioVersion = 10.0.40219.1
Project("{9A19103F-16F7-4668-BE54-9A1E7A4F7556}") = "Contacts.Core", "Contacts.Core\Contacts.Core.csproj", "{14BBEF84-0F42-493A-9AB6-D134DD8EB80A}"
EndProject
Project("{9A19103F-16F7-4668-BE54-9A1E7A4F7556}") = "Contacts.UseCases", "Contacts.UseCases\Contacts.UseCases.csproj", "{B0D3EA19-0678-4515-8A9E-743D07685C89}"
EndProject
Project("{2150E333-8FDC-42A3-9474-1A3956D46DE8}") = "Plugins", "Plugins", "{8556B747-89D0-4E81-B604-2C1405645C43}"
EndProject
Project("{9A19103F-16F7-4668-BE54-9A1E7A4F7556}") = "Contacts.Plugins.DataStore.InMemory", "Plugins\Contacts.Plugins.DataStore.InMemory\Contacts.Plugins.DataStore.InMemory.csproj", "{0C583B52-9D7A-432A-9B95-8FCB7A6F480F}"
EndProject
Project("{9A19103F-16F7-4668-BE54-9A1E7A4F7556}") = "Contacts.MAUI", "Contacts.MAUI\Contacts.MAUI.csproj", "{F1B78BFA-577B-4F4E-AC57-E2382B891B8C}"
EndProject
Global
	GlobalSection(SolutionConfigurationPlatforms) = preSolution
		Debug|Any CPU = Debug|Any CPU
		Release|Any CPU = Release|Any CPU
	EndGlobalSection
	GlobalSection(ProjectConfigurationPlatforms) = postSolution
		{14BBEF84-0F42-493A-9AB6-D134DD8EB80A}.Debug|Any CPU.ActiveCfg = Debug|Any CPU
		{14BBEF84-0F42-493A-9AB6-D134DD8EB80A}.Debug|Any CPU.Build.0 = Debug|Any CPU
		{14BBEF84-0F42-493A-9AB6-D134DD8EB80A}.Release|Any CPU.ActiveCfg = Release|Any CPU
		{14BBEF84-0F42-493A-9AB6-D134DD8EB80A}.Release|Any CPU.Build.0 = Release|Any CPU
		{B0D3EA19-0678-4515-8A9E-743D07685C89}.Debug|Any CPU.ActiveCfg = Debug|Any CPU
		{B0D3EA19-0678-4515-8A9E-743D07685C89}.Debug|Any CPU.Build.0 = Debug|Any CPU
		{B0D3EA19-0678-4515-8A9E-743D07685C89}.Release|Any CPU.ActiveCfg = Release|Any CPU
		{B0D3EA19-0678-4515-8A9E-743D07685C89}.Release|Any CPU.Build.0 = Release|Any CPU
		{0C583B52-9D7A-432A-9B95-8FCB7A6F480F}.Debug|Any CPU.ActiveCfg = Debug|Any CPU
		{0C583B52-9D7A-432A-9B95-8FCB7A6F480F}.Debug|Any CPU.Build.0 = Debug|Any CPU
		{0C583B52-9D7A-432A-9B95-8FCB7A6F480F}.Release|Any CPU.ActiveCfg = Release|Any CPU
		{0C583B52-9D7A-432A-9B95-8FCB7A6F480F}.Release|Any CPU.Build.0 = Release|Any CPU
		{F1B78BFA-577B-4F4E-AC57-E2382B891B8C}.Debug|Any CPU.ActiveCfg = Debug|Any CPU
		{F1B78BFA-577B-4F4E-AC57-E2382B891B8C}.Debug|Any CPU.Build.0 = Debug|Any CPU
		{F1B78BFA-577B-4F4E-AC57-E2382B891B8C}.Debug|Any CPU.Deploy.0 = Debug|Any CPU
		{F1B78BFA-577B-4F4E-AC57-E2382B891B8C}.Release|Any CPU.ActiveCfg = Release|Any CPU
		{F1B78BFA-577B-4F4E-AC57-E2382B891B8C}.Release|Any CPU.Build.0 = Release|Any CPU
		{F1B78BFA-577B-4F4E-AC57-E2382B891B8C}.Release|Any CPU.Deploy.0 = Release|Any CPU
	EndGlobalSection
	GlobalSection(SolutionProperties) = preSolution
		HideSolutionNode = FALSE
	EndGlobalSection
	GlobalSection(NestedProjects) = preSolution
		{0C583B52-9D7A-432A-9B95-8FCB7A6F480F} = {8556B747-89D0-4E81-B604-2C1405645C43}
	EndGlobalSection
	GlobalSection(ExtensibilityGlobals) = postSolution
		SolutionGuid = {61F7FB11-1E47-470C-91E2-47F8143E1572}
	EndGlobalSection
EndGlobal
